
Microsoft Visual Studio Solution File, Format Version 12.00
# Visual Studio Version 17
VisualStudioVersion = 17.14.36221.1
MinimumVisualStudioVersion = 10.0.40219.1
Project("{FAE04EC0-301F-11D3-BF4B-00C04F79EFBC}") = "CodeGenCore", "CodeGenCore\CodeGenCore.csproj", "{9EAC975F-ADB7-4E33-8AB3-3197636C89C9}"
EndProject
Project("{FAE04EC0-301F-11D3-BF4B-00C04F79EFBC}") = "GMSwaggerCodeGen", "GMSwaggerCodeGen\GMSwaggerCodeGen.csproj", "{B77A08A6-F1CA-4866-AF79-D57E098278F1}"
EndProject
Global
	GlobalSection(SolutionConfigurationPlatforms) = preSolution
		Debug|Any CPU = Debug|Any CPU
		Release|Any CPU = Release|Any CPU
	EndGlobalSection
	GlobalSection(ProjectConfigurationPlatforms) = postSolution
		{9EAC975F-ADB7-4E33-8AB3-3197636C89C9}.Debug|Any CPU.ActiveCfg = Debug|Any CPU
		{9EAC975F-ADB7-4E33-8AB3-3197636C89C9}.Debug|Any CPU.Build.0 = Debug|Any CPU
		{9EAC975F-ADB7-4E33-8AB3-3197636C89C9}.Release|Any CPU.ActiveCfg = Release|Any CPU
		{9EAC975F-ADB7-4E33-8AB3-3197636C89C9}.Release|Any CPU.Build.0 = Release|Any CPU
		{B77A08A6-F1CA-4866-AF79-D57E098278F1}.Debug|Any CPU.ActiveCfg = Debug|Any CPU
		{B77A08A6-F1CA-4866-AF79-D57E098278F1}.Debug|Any CPU.Build.0 = Debug|Any CPU
		{B77A08A6-F1CA-4866-AF79-D57E098278F1}.Release|Any CPU.ActiveCfg = Release|Any CPU
		{B77A08A6-F1CA-4866-AF79-D57E098278F1}.Release|Any CPU.Build.0 = Release|Any CPU
	EndGlobalSection
	GlobalSection(SolutionProperties) = preSolution
		HideSolutionNode = FALSE
	EndGlobalSection
	GlobalSection(ExtensibilityGlobals) = postSolution
		SolutionGuid = {0898D8B9-1134-4DB6-87EA-B97A3C2113A8}
	EndGlobalSection
EndGlobal
